
Microsoft Visual Studio Solution File, Format Version 12.00
# Visual Studio Version 16
VisualStudioVersion = 16.0.28922.388
MinimumVisualStudioVersion = 10.0.40219.1
Project("{FAE04EC0-301F-11D3-BF4B-00C04F79EFBC}") = "FormApps", "FormApps\FormApps.csproj", "{24DD5EB1-0BD6-4894-B385-F34FA3E81BC4}"
EndProject
Global
	GlobalSection(SolutionConfigurationPlatforms) = preSolution
		Debug|Any CPU = Debug|Any CPU
		Release|Any CPU = Release|Any CPU
	EndGlobalSection
	GlobalSection(ProjectConfigurationPlatforms) = postSolution
		{24DD5EB1-0BD6-4894-B385-F34FA3E81BC4}.Debug|Any CPU.ActiveCfg = Debug|Any CPU
		{24DD5EB1-0BD6-4894-B385-F34FA3E81BC4}.Debug|Any CPU.Build.0 = Debug|Any CPU
		{24DD5EB1-0BD6-4894-B385-F34FA3E81BC4}.Release|Any CPU.ActiveCfg = Release|Any CPU
		{24DD5EB1-0BD6-4894-B385-F34FA3E81BC4}.Release|Any CPU.Build.0 = Release|Any CPU
	EndGlobalSection
	GlobalSection(SolutionProperties) = preSolution
		HideSolutionNode = FALSE
	EndGlobalSection
	GlobalSection(ExtensibilityGlobals) = postSolution
		SolutionGuid = {08AA721E-0E32-4543-BC80-73E275AF4D8D}
	EndGlobalSection
EndGlobal
